
Microsoft Visual Studio Solution File, Format Version 12.00
# Visual Studio Version 16
VisualStudioVersion = 25.0.1705.2
MinimumVisualStudioVersion = 10.0.40219.1
Project("{FAE04EC0-301F-11D3-BF4B-00C04F79EFBC}") = "cila.Omnichain", "cila.Omnichain\cila.Omnichain.csproj", "{AC9EE152-2258-4095-8AB5-03DC35B3339D}"
EndProject
Project("{FAE04EC0-301F-11D3-BF4B-00C04F79EFBC}") = "cila.Domain", "cila.Domain\cila.Domain.csproj", "{05BDA645-A09F-49BC-99C3-3E6BEBC7DF10}"
EndProject
Global
	GlobalSection(SolutionConfigurationPlatforms) = preSolution
		Debug|Any CPU = Debug|Any CPU
		Release|Any CPU = Release|Any CPU
	EndGlobalSection
	GlobalSection(ProjectConfigurationPlatforms) = postSolution
		{AC9EE152-2258-4095-8AB5-03DC35B3339D}.Debug|Any CPU.ActiveCfg = Debug|Any CPU
		{AC9EE152-2258-4095-8AB5-03DC35B3339D}.Debug|Any CPU.Build.0 = Debug|Any CPU
		{AC9EE152-2258-4095-8AB5-03DC35B3339D}.Release|Any CPU.ActiveCfg = Release|Any CPU
		{AC9EE152-2258-4095-8AB5-03DC35B3339D}.Release|Any CPU.Build.0 = Release|Any CPU
		{05BDA645-A09F-49BC-99C3-3E6BEBC7DF10}.Debug|Any CPU.ActiveCfg = Debug|Any CPU
		{05BDA645-A09F-49BC-99C3-3E6BEBC7DF10}.Debug|Any CPU.Build.0 = Debug|Any CPU
		{05BDA645-A09F-49BC-99C3-3E6BEBC7DF10}.Release|Any CPU.ActiveCfg = Release|Any CPU
		{05BDA645-A09F-49BC-99C3-3E6BEBC7DF10}.Release|Any CPU.Build.0 = Release|Any CPU
	EndGlobalSection
	GlobalSection(SolutionProperties) = preSolution
		HideSolutionNode = FALSE
	EndGlobalSection
	GlobalSection(ExtensibilityGlobals) = postSolution
		SolutionGuid = {3C9C6677-A111-45A5-ADB1-D33A2638B279}
	EndGlobalSection
EndGlobal
