
Microsoft Visual Studio Solution File, Format Version 12.00
# Visual Studio Version 16
VisualStudioVersion = 25.0.1705.2
MinimumVisualStudioVersion = 10.0.40219.1
Project("{FAE04EC0-301F-11D3-BF4B-00C04F79EFBC}") = "cila.Domain", "cila.Domain\cila.Domain.csproj", "{05BDA645-A09F-49BC-99C3-3E6BEBC7DF10}"
EndProject
Project("{FAE04EC0-301F-11D3-BF4B-00C04F79EFBC}") = "cila.Router", "cila.Router\cila.Router.csproj", "{0B2D5A32-79F9-4B61-A70D-87BA5427EF69}"
EndProject
Project("{FAE04EC0-301F-11D3-BF4B-00C04F79EFBC}") = "cila.Client.Blazor", "cila.Client.Blazor\cila.Client.Blazor.csproj", "{07E42FCE-8592-4CC7-9CB2-2D04141FEA8B}"
EndProject
Project("{FAE04EC0-301F-11D3-BF4B-00C04F79EFBC}") = "cila.Relay", "cila.Relay\cila.Relay.csproj", "{A9A1D155-D5AD-4382-9CBA-16C00C9F8484}"
EndProject
Project("{FAE04EC0-301F-11D3-BF4B-00C04F79EFBC}") = "cila.Aggregator", "cila.Aggregator\cila.Aggregator.csproj", "{D7586C42-7E3B-44CE-8099-FF82C7FF4753}"
EndProject
Global
	GlobalSection(SolutionConfigurationPlatforms) = preSolution
		Debug|Any CPU = Debug|Any CPU
		Release|Any CPU = Release|Any CPU
	EndGlobalSection
	GlobalSection(ProjectConfigurationPlatforms) = postSolution
		{05BDA645-A09F-49BC-99C3-3E6BEBC7DF10}.Debug|Any CPU.ActiveCfg = Debug|Any CPU
		{05BDA645-A09F-49BC-99C3-3E6BEBC7DF10}.Debug|Any CPU.Build.0 = Debug|Any CPU
		{05BDA645-A09F-49BC-99C3-3E6BEBC7DF10}.Release|Any CPU.ActiveCfg = Release|Any CPU
		{05BDA645-A09F-49BC-99C3-3E6BEBC7DF10}.Release|Any CPU.Build.0 = Release|Any CPU
		{0B2D5A32-79F9-4B61-A70D-87BA5427EF69}.Debug|Any CPU.ActiveCfg = Debug|Any CPU
		{0B2D5A32-79F9-4B61-A70D-87BA5427EF69}.Debug|Any CPU.Build.0 = Debug|Any CPU
		{0B2D5A32-79F9-4B61-A70D-87BA5427EF69}.Release|Any CPU.ActiveCfg = Release|Any CPU
		{0B2D5A32-79F9-4B61-A70D-87BA5427EF69}.Release|Any CPU.Build.0 = Release|Any CPU
		{07E42FCE-8592-4CC7-9CB2-2D04141FEA8B}.Debug|Any CPU.ActiveCfg = Debug|Any CPU
		{07E42FCE-8592-4CC7-9CB2-2D04141FEA8B}.Debug|Any CPU.Build.0 = Debug|Any CPU
		{07E42FCE-8592-4CC7-9CB2-2D04141FEA8B}.Release|Any CPU.ActiveCfg = Release|Any CPU
		{07E42FCE-8592-4CC7-9CB2-2D04141FEA8B}.Release|Any CPU.Build.0 = Release|Any CPU
		{A9A1D155-D5AD-4382-9CBA-16C00C9F8484}.Debug|Any CPU.ActiveCfg = Debug|Any CPU
		{A9A1D155-D5AD-4382-9CBA-16C00C9F8484}.Debug|Any CPU.Build.0 = Debug|Any CPU
		{A9A1D155-D5AD-4382-9CBA-16C00C9F8484}.Release|Any CPU.ActiveCfg = Release|Any CPU
		{A9A1D155-D5AD-4382-9CBA-16C00C9F8484}.Release|Any CPU.Build.0 = Release|Any CPU
		{D7586C42-7E3B-44CE-8099-FF82C7FF4753}.Debug|Any CPU.ActiveCfg = Debug|Any CPU
		{D7586C42-7E3B-44CE-8099-FF82C7FF4753}.Debug|Any CPU.Build.0 = Debug|Any CPU
		{D7586C42-7E3B-44CE-8099-FF82C7FF4753}.Release|Any CPU.ActiveCfg = Release|Any CPU
		{D7586C42-7E3B-44CE-8099-FF82C7FF4753}.Release|Any CPU.Build.0 = Release|Any CPU
	EndGlobalSection
	GlobalSection(SolutionProperties) = preSolution
		HideSolutionNode = FALSE
	EndGlobalSection
	GlobalSection(ExtensibilityGlobals) = postSolution
		SolutionGuid = {3C9C6677-A111-45A5-ADB1-D33A2638B279}
	EndGlobalSection
EndGlobal
